
Microsoft Visual Studio Solution File, Format Version 12.00
# Visual Studio Version 17
VisualStudioVersion = 17.7.34024.191
MinimumVisualStudioVersion = 10.0.40219.1
Project("{9A19103F-16F7-4668-BE54-9A1E7A4F7556}") = "Calculator", "Calculator\Calculator.csproj", "{0D6BB0C7-65B5-4B69-9B30-E52DEB0AD390}"
EndProject
Global
	GlobalSection(SolutionConfigurationPlatforms) = preSolution
		Debug|Any CPU = Debug|Any CPU
		Release|Any CPU = Release|Any CPU
	EndGlobalSection
	GlobalSection(ProjectConfigurationPlatforms) = postSolution
		{0D6BB0C7-65B5-4B69-9B30-E52DEB0AD390}.Debug|Any CPU.ActiveCfg = Debug|Any CPU
		{0D6BB0C7-65B5-4B69-9B30-E52DEB0AD390}.Debug|Any CPU.Build.0 = Debug|Any CPU
		{0D6BB0C7-65B5-4B69-9B30-E52DEB0AD390}.Release|Any CPU.ActiveCfg = Release|Any CPU
		{0D6BB0C7-65B5-4B69-9B30-E52DEB0AD390}.Release|Any CPU.Build.0 = Release|Any CPU
	EndGlobalSection
	GlobalSection(SolutionProperties) = preSolution
		HideSolutionNode = FALSE
	EndGlobalSection
	GlobalSection(ExtensibilityGlobals) = postSolution
		SolutionGuid = {DB09E49E-8CF0-4AC0-9B68-D567EF8C0C67}
	EndGlobalSection
EndGlobal
